
Microsoft Visual Studio Solution File, Format Version 12.00
# Visual Studio Version 16
VisualStudioVersion = 16.0.30320.27
MinimumVisualStudioVersion = 10.0.40219.1
Project("{FAE04EC0-301F-11D3-BF4B-00C04F79EFBC}") = "Presidents2", "Presidents2\Presidents2.csproj", "{24715210-EEC5-4424-AD6B-72B10B464E74}"
EndProject
Project("{FAE04EC0-301F-11D3-BF4B-00C04F79EFBC}") = "UnitTestProject1", "UnitTestProject1\UnitTestProject1.csproj", "{B3255474-798A-43DC-97F3-E7A0413F46C5}"
EndProject
Global
	GlobalSection(SolutionConfigurationPlatforms) = preSolution
		Debug|Any CPU = Debug|Any CPU
		Release|Any CPU = Release|Any CPU
	EndGlobalSection
	GlobalSection(ProjectConfigurationPlatforms) = postSolution
		{24715210-EEC5-4424-AD6B-72B10B464E74}.Debug|Any CPU.ActiveCfg = Debug|Any CPU
		{24715210-EEC5-4424-AD6B-72B10B464E74}.Debug|Any CPU.Build.0 = Debug|Any CPU
		{24715210-EEC5-4424-AD6B-72B10B464E74}.Release|Any CPU.ActiveCfg = Release|Any CPU
		{24715210-EEC5-4424-AD6B-72B10B464E74}.Release|Any CPU.Build.0 = Release|Any CPU
		{B3255474-798A-43DC-97F3-E7A0413F46C5}.Debug|Any CPU.ActiveCfg = Debug|Any CPU
		{B3255474-798A-43DC-97F3-E7A0413F46C5}.Debug|Any CPU.Build.0 = Debug|Any CPU
		{B3255474-798A-43DC-97F3-E7A0413F46C5}.Release|Any CPU.ActiveCfg = Release|Any CPU
		{B3255474-798A-43DC-97F3-E7A0413F46C5}.Release|Any CPU.Build.0 = Release|Any CPU
	EndGlobalSection
	GlobalSection(SolutionProperties) = preSolution
		HideSolutionNode = FALSE
	EndGlobalSection
	GlobalSection(ExtensibilityGlobals) = postSolution
		SolutionGuid = {45C6DD39-84D4-4E93-956D-4B7942F6781F}
	EndGlobalSection
EndGlobal
